github.com/mattn/go-sqlite3 v1.14.16 h1:yOQRA0RpS5PFz/oikGwBEqvAWhWg5ufRz4ETLjwpU1Y=
github.com/mattn/go-sqlite3 v1.14.16/go.mod h1:2eHXhiwb8IkHr+BDWZGa96P6+rkvnG63S2DGjv9HUNg=
github.com/philhanna/commas v1.2.0 h1:LHEKaGWRKENDrpVPtSmRg0hL5cwqoWnsU5+yQqK4vXY=
github.com/philhanna/commas v1.2.0/go.mod h1:+oZfMHiqN6u4kFFmn/rNHw0xLf8ktxBBRfoywATne5c=
